
Microsoft Visual Studio Solution File, Format Version 12.00
# Visual Studio Version 17
VisualStudioVersion = 17.1.32421.90
MinimumVisualStudioVersion = 10.0.40219.1
Project("{9A19103F-16F7-4668-BE54-9A1E7A4F7556}") = "Assessment_All_Others", "Assessment\Assessment_All_Others.csproj", "{206D5634-9932-4150-B9CF-91EB915F422C}"
EndProject
Project("{9A19103F-16F7-4668-BE54-9A1E7A4F7556}") = "LeetCode", "LeetCode\LeetCode.csproj", "{6BB9026C-DCA3-4D61-8D3D-AAE38E2C4EE9}"
EndProject
Project("{9A19103F-16F7-4668-BE54-9A1E7A4F7556}") = "HackerRanks", "HackerRanks\HackerRanks.csproj", "{D99FB351-403C-4B06-9FA9-1928B15C0799}"
EndProject
Project("{9A19103F-16F7-4668-BE54-9A1E7A4F7556}") = "CtCI-6th-Edition-C-sharp", "CtCI-6th-Edition-C-sharp\CtCI-6th-Edition-C-sharp.csproj", "{5B61DE9E-3C96-414F-9B26-9088D90E09FC}"
EndProject
Project("{9A19103F-16F7-4668-BE54-9A1E7A4F7556}") = "PrjRestApi", "PrjRestApi\PrjRestApi.csproj", "{DE951E13-D4F7-40EA-838A-1DA50F74B424}"
EndProject
Project("{9A19103F-16F7-4668-BE54-9A1E7A4F7556}") = "C-Sharp-Fundamental", "C-Sharp-Fundamental\C-Sharp-Fundamental.csproj", "{BF8B788D-7971-4944-9BFD-56EF8EDD63BD}"
EndProject
Project("{9A19103F-16F7-4668-BE54-9A1E7A4F7556}") = "BooksMaterial", "BooksMaterial\BooksMaterial.csproj", "{8DE50AA4-FABF-4AC1-94D4-1E56F47A5488}"
EndProject
Project("{9A19103F-16F7-4668-BE54-9A1E7A4F7556}") = "DSA_OOD_Solid_SysDesign", "DSA\DSA_OOD_Solid_SysDesign.csproj", "{7D97BF51-608F-4810-8BD2-E2F6B6F0DE4E}"
EndProject
Global
	GlobalSection(SolutionConfigurationPlatforms) = preSolution
		Debug|Any CPU = Debug|Any CPU
		Release|Any CPU = Release|Any CPU
	EndGlobalSection
	GlobalSection(ProjectConfigurationPlatforms) = postSolution
		{206D5634-9932-4150-B9CF-91EB915F422C}.Debug|Any CPU.ActiveCfg = Debug|Any CPU
		{206D5634-9932-4150-B9CF-91EB915F422C}.Debug|Any CPU.Build.0 = Debug|Any CPU
		{206D5634-9932-4150-B9CF-91EB915F422C}.Release|Any CPU.ActiveCfg = Release|Any CPU
		{206D5634-9932-4150-B9CF-91EB915F422C}.Release|Any CPU.Build.0 = Release|Any CPU
		{6BB9026C-DCA3-4D61-8D3D-AAE38E2C4EE9}.Debug|Any CPU.ActiveCfg = Debug|Any CPU
		{6BB9026C-DCA3-4D61-8D3D-AAE38E2C4EE9}.Debug|Any CPU.Build.0 = Debug|Any CPU
		{6BB9026C-DCA3-4D61-8D3D-AAE38E2C4EE9}.Release|Any CPU.ActiveCfg = Release|Any CPU
		{6BB9026C-DCA3-4D61-8D3D-AAE38E2C4EE9}.Release|Any CPU.Build.0 = Release|Any CPU
		{D99FB351-403C-4B06-9FA9-1928B15C0799}.Debug|Any CPU.ActiveCfg = Debug|Any CPU
		{D99FB351-403C-4B06-9FA9-1928B15C0799}.Debug|Any CPU.Build.0 = Debug|Any CPU
		{D99FB351-403C-4B06-9FA9-1928B15C0799}.Release|Any CPU.ActiveCfg = Release|Any CPU
		{D99FB351-403C-4B06-9FA9-1928B15C0799}.Release|Any CPU.Build.0 = Release|Any CPU
		{5B61DE9E-3C96-414F-9B26-9088D90E09FC}.Debug|Any CPU.ActiveCfg = Debug|Any CPU
		{5B61DE9E-3C96-414F-9B26-9088D90E09FC}.Debug|Any CPU.Build.0 = Debug|Any CPU
		{5B61DE9E-3C96-414F-9B26-9088D90E09FC}.Release|Any CPU.ActiveCfg = Release|Any CPU
		{5B61DE9E-3C96-414F-9B26-9088D90E09FC}.Release|Any CPU.Build.0 = Release|Any CPU
		{DE951E13-D4F7-40EA-838A-1DA50F74B424}.Debug|Any CPU.ActiveCfg = Debug|Any CPU
		{DE951E13-D4F7-40EA-838A-1DA50F74B424}.Debug|Any CPU.Build.0 = Debug|Any CPU
		{DE951E13-D4F7-40EA-838A-1DA50F74B424}.Release|Any CPU.ActiveCfg = Release|Any CPU
		{DE951E13-D4F7-40EA-838A-1DA50F74B424}.Release|Any CPU.Build.0 = Release|Any CPU
		{BF8B788D-7971-4944-9BFD-56EF8EDD63BD}.Debug|Any CPU.ActiveCfg = Debug|Any CPU
		{BF8B788D-7971-4944-9BFD-56EF8EDD63BD}.Debug|Any CPU.Build.0 = Debug|Any CPU
		{BF8B788D-7971-4944-9BFD-56EF8EDD63BD}.Release|Any CPU.ActiveCfg = Release|Any CPU
		{BF8B788D-7971-4944-9BFD-56EF8EDD63BD}.Release|Any CPU.Build.0 = Release|Any CPU
		{8DE50AA4-FABF-4AC1-94D4-1E56F47A5488}.Debug|Any CPU.ActiveCfg = Debug|Any CPU
		{8DE50AA4-FABF-4AC1-94D4-1E56F47A5488}.Debug|Any CPU.Build.0 = Debug|Any CPU
		{8DE50AA4-FABF-4AC1-94D4-1E56F47A5488}.Release|Any CPU.ActiveCfg = Release|Any CPU
		{8DE50AA4-FABF-4AC1-94D4-1E56F47A5488}.Release|Any CPU.Build.0 = Release|Any CPU
		{7D97BF51-608F-4810-8BD2-E2F6B6F0DE4E}.Debug|Any CPU.ActiveCfg = Debug|Any CPU
		{7D97BF51-608F-4810-8BD2-E2F6B6F0DE4E}.Debug|Any CPU.Build.0 = Debug|Any CPU
		{7D97BF51-608F-4810-8BD2-E2F6B6F0DE4E}.Release|Any CPU.ActiveCfg = Release|Any CPU
		{7D97BF51-608F-4810-8BD2-E2F6B6F0DE4E}.Release|Any CPU.Build.0 = Release|Any CPU
	EndGlobalSection
	GlobalSection(SolutionProperties) = preSolution
		HideSolutionNode = FALSE
	EndGlobalSection
	GlobalSection(ExtensibilityGlobals) = postSolution
		SolutionGuid = {37352311-BFEC-4187-BFAD-9E5C41AA4FAA}
	EndGlobalSection
EndGlobal
