
Microsoft Visual Studio Solution File, Format Version 12.00
# Visual Studio Version 17
VisualStudioVersion = 17.1.32421.90
MinimumVisualStudioVersion = 10.0.40219.1
Project("{9A19103F-16F7-4668-BE54-9A1E7A4F7556}") = "Assessment_All_Others", "Assessment\Assessment_All_Others.csproj", "{206D5634-9932-4150-B9CF-91EB915F422C}"
EndProject
Project("{9A19103F-16F7-4668-BE54-9A1E7A4F7556}") = "LeetCode", "LeetCode\LeetCode.csproj", "{6BB9026C-DCA3-4D61-8D3D-AAE38E2C4EE9}"
EndProject
Project("{9A19103F-16F7-4668-BE54-9A1E7A4F7556}") = "HackerRanks", "HackerRanks\HackerRanks.csproj", "{D99FB351-403C-4B06-9FA9-1928B15C0799}"
EndProject
Project("{9A19103F-16F7-4668-BE54-9A1E7A4F7556}") = "CtCI-6th-Edition-C-sharp", "CtCI-6th-Edition-C-sharp\CtCI-6th-Edition-C-sharp.csproj", "{5B61DE9E-3C96-414F-9B26-9088D90E09FC}"
EndProject
Project("{9A19103F-16F7-4668-BE54-9A1E7A4F7556}") = "PrjRestApi", "PrjRestApi\PrjRestApi.csproj", "{DE951E13-D4F7-40EA-838A-1DA50F74B424}"
EndProject
Project("{9A19103F-16F7-4668-BE54-9A1E7A4F7556}") = "C-Sharp-Fundamental", "C-Sharp-Fundamental\C-Sharp-Fundamental.csproj", "{BF8B788D-7971-4944-9BFD-56EF8EDD63BD}"
EndProject
Project("{9A19103F-16F7-4668-BE54-9A1E7A4F7556}") = "DSA_OOD_Solid_SysDesign", "DSA\DSA_OOD_Solid_SysDesign.csproj", "{7D97BF51-608F-4810-8BD2-E2F6B6F0DE4E}"
EndProject
Project("{FAE04EC0-301F-11D3-BF4B-00C04F79EFBC}") = "BigO_Notation", "BigO_Notation\BigO_Notation.csproj", "{549B3051-7547-41F1-B6A0-32628F4DDA57}"
EndProject
Project("{2150E333-8FDC-42A3-9474-1A3956D46DE8}") = "Data_Structure", "Data_Structure", "{95DA5FA8-60B6-4CA4-A686-62BF3EE7B68A}"
EndProject
Project("{9A19103F-16F7-4668-BE54-9A1E7A4F7556}") = "1_String_Simple_Operation", "1_String_Simple_Operation\1_String_Simple_Operation.csproj", "{CAE5653B-9753-45D1-B67C-3BF998001A21}"
EndProject
Project("{9A19103F-16F7-4668-BE54-9A1E7A4F7556}") = "2_DataDictionary", "DataDictionary\2_DataDictionary.csproj", "{2C4E973A-DB80-49A6-A433-AAB2BD143D2F}"
EndProject
Project("{2150E333-8FDC-42A3-9474-1A3956D46DE8}") = "General_Programming", "General_Programming", "{5A4DF675-432A-4BBE-94BC-73FADBCEA6B7}"
EndProject
Project("{9A19103F-16F7-4668-BE54-9A1E7A4F7556}") = "General_Programming", "General_Programming\General_Programming.csproj", "{D861F0DB-275B-4A89-B88B-C30A74631083}"
EndProject
Project("{9A19103F-16F7-4668-BE54-9A1E7A4F7556}") = "Leetcode_All_Practice", "Leetcode_All_Practice\Leetcode_All_Practice.csproj", "{2608ED05-7E61-4AB6-A5D9-80C99CCB7F52}"
EndProject
Project("{2150E333-8FDC-42A3-9474-1A3956D46DE8}") = "LinkedLists", "LinkedLists", "{6EBF8A40-A288-4249-98E7-2B86FE0C8109}"
EndProject
Project("{9A19103F-16F7-4668-BE54-9A1E7A4F7556}") = "SingleLinkedList", "Data_Structure\SingleLinkedList\SingleLinkedList.csproj", "{679DFE96-3933-46DD-B3F5-ED5C644AD1AB}"
EndProject
Project("{2150E333-8FDC-42A3-9474-1A3956D46DE8}") = "Data_Structure_CSharp", "Data_Structure_CSharp", "{0C6F47E5-8EE5-481A-863A-6AC04A084B21}"
EndProject
Project("{2150E333-8FDC-42A3-9474-1A3956D46DE8}") = "Algorithm", "Algorithm", "{C171080B-E85D-4E85-A954-09B75F40FAFF}"
EndProject
Project("{2150E333-8FDC-42A3-9474-1A3956D46DE8}") = "Recurssion", "Recurssion", "{7C473E1D-7F71-4E08-BB86-489B6BAF96DD}"
EndProject
Project("{9A19103F-16F7-4668-BE54-9A1E7A4F7556}") = "RercusrionBasedProblem", "RercusrionBasedProblem\RercusrionBasedProblem.csproj", "{F4993490-E935-45D9-9334-ED3CA90B0B5F}"
EndProject
Project("{2150E333-8FDC-42A3-9474-1A3956D46DE8}") = "Algorithmic_Patterns", "Algorithmic_Patterns", "{3AA307F3-5D6D-496E-967C-BAC8C08DCA93}"
EndProject
Project("{9A19103F-16F7-4668-BE54-9A1E7A4F7556}") = "Algorithmic_Patterns", "..\Algorithmic Patterns\Algorithmic_Patterns\Algorithmic_Patterns.csproj", "{B6D9D5AD-269A-45B2-AFF4-24526B10647B}"
EndProject
Project("{FAE04EC0-301F-11D3-BF4B-00C04F79EFBC}") = "DataStructureCsharp", "..\DataStructureCsharp\DataStructureCsharp\DataStructureCsharp.csproj", "{06FD90E8-111F-433D-82D9-A4AFD6259BC5}"
EndProject
Global
	GlobalSection(SolutionConfigurationPlatforms) = preSolution
		Debug|Any CPU = Debug|Any CPU
		Release|Any CPU = Release|Any CPU
	EndGlobalSection
	GlobalSection(ProjectConfigurationPlatforms) = postSolution
		{206D5634-9932-4150-B9CF-91EB915F422C}.Debug|Any CPU.ActiveCfg = Debug|Any CPU
		{206D5634-9932-4150-B9CF-91EB915F422C}.Debug|Any CPU.Build.0 = Debug|Any CPU
		{206D5634-9932-4150-B9CF-91EB915F422C}.Release|Any CPU.ActiveCfg = Release|Any CPU
		{206D5634-9932-4150-B9CF-91EB915F422C}.Release|Any CPU.Build.0 = Release|Any CPU
		{6BB9026C-DCA3-4D61-8D3D-AAE38E2C4EE9}.Debug|Any CPU.ActiveCfg = Debug|Any CPU
		{6BB9026C-DCA3-4D61-8D3D-AAE38E2C4EE9}.Debug|Any CPU.Build.0 = Debug|Any CPU
		{6BB9026C-DCA3-4D61-8D3D-AAE38E2C4EE9}.Release|Any CPU.ActiveCfg = Release|Any CPU
		{6BB9026C-DCA3-4D61-8D3D-AAE38E2C4EE9}.Release|Any CPU.Build.0 = Release|Any CPU
		{D99FB351-403C-4B06-9FA9-1928B15C0799}.Debug|Any CPU.ActiveCfg = Debug|Any CPU
		{D99FB351-403C-4B06-9FA9-1928B15C0799}.Debug|Any CPU.Build.0 = Debug|Any CPU
		{D99FB351-403C-4B06-9FA9-1928B15C0799}.Release|Any CPU.ActiveCfg = Release|Any CPU
		{D99FB351-403C-4B06-9FA9-1928B15C0799}.Release|Any CPU.Build.0 = Release|Any CPU
		{5B61DE9E-3C96-414F-9B26-9088D90E09FC}.Debug|Any CPU.ActiveCfg = Debug|Any CPU
		{5B61DE9E-3C96-414F-9B26-9088D90E09FC}.Debug|Any CPU.Build.0 = Debug|Any CPU
		{5B61DE9E-3C96-414F-9B26-9088D90E09FC}.Release|Any CPU.ActiveCfg = Release|Any CPU
		{5B61DE9E-3C96-414F-9B26-9088D90E09FC}.Release|Any CPU.Build.0 = Release|Any CPU
		{DE951E13-D4F7-40EA-838A-1DA50F74B424}.Debug|Any CPU.ActiveCfg = Debug|Any CPU
		{DE951E13-D4F7-40EA-838A-1DA50F74B424}.Debug|Any CPU.Build.0 = Debug|Any CPU
		{DE951E13-D4F7-40EA-838A-1DA50F74B424}.Release|Any CPU.ActiveCfg = Release|Any CPU
		{DE951E13-D4F7-40EA-838A-1DA50F74B424}.Release|Any CPU.Build.0 = Release|Any CPU
		{BF8B788D-7971-4944-9BFD-56EF8EDD63BD}.Debug|Any CPU.ActiveCfg = Debug|Any CPU
		{BF8B788D-7971-4944-9BFD-56EF8EDD63BD}.Debug|Any CPU.Build.0 = Debug|Any CPU
		{BF8B788D-7971-4944-9BFD-56EF8EDD63BD}.Release|Any CPU.ActiveCfg = Release|Any CPU
		{BF8B788D-7971-4944-9BFD-56EF8EDD63BD}.Release|Any CPU.Build.0 = Release|Any CPU
		{7D97BF51-608F-4810-8BD2-E2F6B6F0DE4E}.Debug|Any CPU.ActiveCfg = Debug|Any CPU
		{7D97BF51-608F-4810-8BD2-E2F6B6F0DE4E}.Debug|Any CPU.Build.0 = Debug|Any CPU
		{7D97BF51-608F-4810-8BD2-E2F6B6F0DE4E}.Release|Any CPU.ActiveCfg = Release|Any CPU
		{7D97BF51-608F-4810-8BD2-E2F6B6F0DE4E}.Release|Any CPU.Build.0 = Release|Any CPU
		{549B3051-7547-41F1-B6A0-32628F4DDA57}.Debug|Any CPU.ActiveCfg = Debug|Any CPU
		{549B3051-7547-41F1-B6A0-32628F4DDA57}.Debug|Any CPU.Build.0 = Debug|Any CPU
		{549B3051-7547-41F1-B6A0-32628F4DDA57}.Release|Any CPU.ActiveCfg = Release|Any CPU
		{549B3051-7547-41F1-B6A0-32628F4DDA57}.Release|Any CPU.Build.0 = Release|Any CPU
		{CAE5653B-9753-45D1-B67C-3BF998001A21}.Debug|Any CPU.ActiveCfg = Debug|Any CPU
		{CAE5653B-9753-45D1-B67C-3BF998001A21}.Debug|Any CPU.Build.0 = Debug|Any CPU
		{CAE5653B-9753-45D1-B67C-3BF998001A21}.Release|Any CPU.ActiveCfg = Release|Any CPU
		{CAE5653B-9753-45D1-B67C-3BF998001A21}.Release|Any CPU.Build.0 = Release|Any CPU
		{2C4E973A-DB80-49A6-A433-AAB2BD143D2F}.Debug|Any CPU.ActiveCfg = Debug|Any CPU
		{2C4E973A-DB80-49A6-A433-AAB2BD143D2F}.Debug|Any CPU.Build.0 = Debug|Any CPU
		{2C4E973A-DB80-49A6-A433-AAB2BD143D2F}.Release|Any CPU.ActiveCfg = Release|Any CPU
		{2C4E973A-DB80-49A6-A433-AAB2BD143D2F}.Release|Any CPU.Build.0 = Release|Any CPU
		{D861F0DB-275B-4A89-B88B-C30A74631083}.Debug|Any CPU.ActiveCfg = Debug|Any CPU
		{D861F0DB-275B-4A89-B88B-C30A74631083}.Debug|Any CPU.Build.0 = Debug|Any CPU
		{D861F0DB-275B-4A89-B88B-C30A74631083}.Release|Any CPU.ActiveCfg = Release|Any CPU
		{D861F0DB-275B-4A89-B88B-C30A74631083}.Release|Any CPU.Build.0 = Release|Any CPU
		{2608ED05-7E61-4AB6-A5D9-80C99CCB7F52}.Debug|Any CPU.ActiveCfg = Debug|Any CPU
		{2608ED05-7E61-4AB6-A5D9-80C99CCB7F52}.Debug|Any CPU.Build.0 = Debug|Any CPU
		{2608ED05-7E61-4AB6-A5D9-80C99CCB7F52}.Release|Any CPU.ActiveCfg = Release|Any CPU
		{2608ED05-7E61-4AB6-A5D9-80C99CCB7F52}.Release|Any CPU.Build.0 = Release|Any CPU
		{679DFE96-3933-46DD-B3F5-ED5C644AD1AB}.Debug|Any CPU.ActiveCfg = Debug|Any CPU
		{679DFE96-3933-46DD-B3F5-ED5C644AD1AB}.Debug|Any CPU.Build.0 = Debug|Any CPU
		{679DFE96-3933-46DD-B3F5-ED5C644AD1AB}.Release|Any CPU.ActiveCfg = Release|Any CPU
		{679DFE96-3933-46DD-B3F5-ED5C644AD1AB}.Release|Any CPU.Build.0 = Release|Any CPU
		{F4993490-E935-45D9-9334-ED3CA90B0B5F}.Debug|Any CPU.ActiveCfg = Debug|Any CPU
		{F4993490-E935-45D9-9334-ED3CA90B0B5F}.Debug|Any CPU.Build.0 = Debug|Any CPU
		{F4993490-E935-45D9-9334-ED3CA90B0B5F}.Release|Any CPU.ActiveCfg = Release|Any CPU
		{F4993490-E935-45D9-9334-ED3CA90B0B5F}.Release|Any CPU.Build.0 = Release|Any CPU
		{B6D9D5AD-269A-45B2-AFF4-24526B10647B}.Debug|Any CPU.ActiveCfg = Debug|Any CPU
		{B6D9D5AD-269A-45B2-AFF4-24526B10647B}.Debug|Any CPU.Build.0 = Debug|Any CPU
		{B6D9D5AD-269A-45B2-AFF4-24526B10647B}.Release|Any CPU.ActiveCfg = Release|Any CPU
		{B6D9D5AD-269A-45B2-AFF4-24526B10647B}.Release|Any CPU.Build.0 = Release|Any CPU
		{06FD90E8-111F-433D-82D9-A4AFD6259BC5}.Debug|Any CPU.ActiveCfg = Debug|Any CPU
		{06FD90E8-111F-433D-82D9-A4AFD6259BC5}.Debug|Any CPU.Build.0 = Debug|Any CPU
		{06FD90E8-111F-433D-82D9-A4AFD6259BC5}.Release|Any CPU.ActiveCfg = Release|Any CPU
		{06FD90E8-111F-433D-82D9-A4AFD6259BC5}.Release|Any CPU.Build.0 = Release|Any CPU
	EndGlobalSection
	GlobalSection(SolutionProperties) = preSolution
		HideSolutionNode = FALSE
	EndGlobalSection
	GlobalSection(NestedProjects) = preSolution
		{CAE5653B-9753-45D1-B67C-3BF998001A21} = {95DA5FA8-60B6-4CA4-A686-62BF3EE7B68A}
		{2C4E973A-DB80-49A6-A433-AAB2BD143D2F} = {95DA5FA8-60B6-4CA4-A686-62BF3EE7B68A}
		{D861F0DB-275B-4A89-B88B-C30A74631083} = {5A4DF675-432A-4BBE-94BC-73FADBCEA6B7}
		{6EBF8A40-A288-4249-98E7-2B86FE0C8109} = {95DA5FA8-60B6-4CA4-A686-62BF3EE7B68A}
		{679DFE96-3933-46DD-B3F5-ED5C644AD1AB} = {6EBF8A40-A288-4249-98E7-2B86FE0C8109}
		{7C473E1D-7F71-4E08-BB86-489B6BAF96DD} = {C171080B-E85D-4E85-A954-09B75F40FAFF}
		{F4993490-E935-45D9-9334-ED3CA90B0B5F} = {7C473E1D-7F71-4E08-BB86-489B6BAF96DD}
		{B6D9D5AD-269A-45B2-AFF4-24526B10647B} = {3AA307F3-5D6D-496E-967C-BAC8C08DCA93}
		{06FD90E8-111F-433D-82D9-A4AFD6259BC5} = {0C6F47E5-8EE5-481A-863A-6AC04A084B21}
	EndGlobalSection
	GlobalSection(ExtensibilityGlobals) = postSolution
		SolutionGuid = {37352311-BFEC-4187-BFAD-9E5C41AA4FAA}
	EndGlobalSection
EndGlobal
